// !$*UTF8*$!
{
	archiveVersion = 1;
	classes = {
	};
	objectVersion = 50;
	objects = {

/* Begin PBXBuildFile section */
		C51F41E523A7F1A700CE5AC7 /* AppDelegate.swift in Sources */ = {isa = PBXBuildFile; fileRef = C51F41E423A7F1A700CE5AC7 /* AppDelegate.swift */; };
		C51F41E723A7F1A700CE5AC7 /* SceneDelegate.swift in Sources */ = {isa = PBXBuildFile; fileRef = C51F41E623A7F1A700CE5AC7 /* SceneDelegate.swift */; };
		C51F41E923A7F1A700CE5AC7 /* ViewController.swift in Sources */ = {isa = PBXBuildFile; fileRef = C51F41E823A7F1A700CE5AC7 /* ViewController.swift */; };
		C51F41EE23A7F1A900CE5AC7 /* Assets.xcassets in Resources */ = {isa = PBXBuildFile; fileRef = C51F41ED23A7F1A900CE5AC7 /* Assets.xcassets */; };
		C51F41FC23A7F1A900CE5AC7 /* NikeCodeTestTests.swift in Sources */ = {isa = PBXBuildFile; fileRef = C51F41FB23A7F1A900CE5AC7 /* NikeCodeTestTests.swift */; };
		C51F421923A83A2B00CE5AC7 /* CustomProductCell.swift in Sources */ = {isa = PBXBuildFile; fileRef = C51F421823A83A2B00CE5AC7 /* CustomProductCell.swift */; };
		C51F421D23A85CB100CE5AC7 /* DetailViewController.swift in Sources */ = {isa = PBXBuildFile; fileRef = C51F421C23A85CB100CE5AC7 /* DetailViewController.swift */; };
		C54F2C3923B067B900CC1A45 /* test.json in Resources */ = {isa = PBXBuildFile; fileRef = C54F2C3823B067B900CC1A45 /* test.json */; };
		C5F3FC0C23A9F87F00590780 /* DataStructure.swift in Sources */ = {isa = PBXBuildFile; fileRef = C5F3FC0B23A9F87F00590780 /* DataStructure.swift */; };
/* End PBXBuildFile section */

/* Begin PBXContainerItemProxy section */
		C51F41F823A7F1A900CE5AC7 /* PBXContainerItemProxy */ = {
			isa = PBXContainerItemProxy;
			containerPortal = C51F41D923A7F1A700CE5AC7 /* Project object */;
			proxyType = 1;
			remoteGlobalIDString = C51F41E023A7F1A700CE5AC7;
			remoteInfo = NikeCodeTest;
		};
/* End PBXContainerItemProxy section */

/* Begin PBXFileReference section */
		C51F41E123A7F1A700CE5AC7 /* NikeCodeTest.app */ = {isa = PBXFileReference; explicitFileType = wrapper.application; includeInIndex = 0; path = NikeCodeTest.app; sourceTree = BUILT_PRODUCTS_DIR; };
		C51F41E423A7F1A700CE5AC7 /* AppDelegate.swift */ = {isa = PBXFileReference; lastKnownFileType = sourcecode.swift; path = AppDelegate.swift; sourceTree = "<group>"; };
		C51F41E623A7F1A700CE5AC7 /* SceneDelegate.swift */ = {isa = PBXFileReference; lastKnownFileType = sourcecode.swift; path = SceneDelegate.swift; sourceTree = "<group>"; };
		C51F41E823A7F1A700CE5AC7 /* ViewController.swift */ = {isa = PBXFileReference; lastKnownFileType = sourcecode.swift; path = ViewController.swift; sourceTree = "<group>"; };
		C51F41ED23A7F1A900CE5AC7 /* Assets.xcassets */ = {isa = PBXFileReference; lastKnownFileType = folder.assetcatalog; path = Assets.xcassets; sourceTree = "<group>"; };
		C51F41F223A7F1A900CE5AC7 /* Info.plist */ = {isa = PBXFileReference; lastKnownFileType = text.plist.xml; path = Info.plist; sourceTree = "<group>"; };
		C51F41F723A7F1A900CE5AC7 /* NikeCodeTestTests.xctest */ = {isa = PBXFileReference; explicitFileType = wrapper.cfbundle; includeInIndex = 0; path = NikeCodeTestTests.xctest; sourceTree = BUILT_PRODUCTS_DIR; };
		C51F41FB23A7F1A900CE5AC7 /* NikeCodeTestTests.swift */ = {isa = PBXFileReference; lastKnownFileType = sourcecode.swift; path = NikeCodeTestTests.swift; sourceTree = "<group>"; };
		C51F41FD23A7F1A900CE5AC7 /* Info.plist */ = {isa = PBXFileReference; lastKnownFileType = text.plist.xml; path = Info.plist; sourceTree = "<group>"; };
		C51F421823A83A2B00CE5AC7 /* CustomProductCell.swift */ = {isa = PBXFileReference; lastKnownFileType = sourcecode.swift; path = CustomProductCell.swift; sourceTree = "<group>"; };
		C51F421C23A85CB100CE5AC7 /* DetailViewController.swift */ = {isa = PBXFileReference; lastKnownFileType = sourcecode.swift; path = DetailViewController.swift; sourceTree = "<group>"; };
		C54F2C3823B067B900CC1A45 /* test.json */ = {isa = PBXFileReference; fileEncoding = 4; lastKnownFileType = text.json; path = test.json; sourceTree = "<group>"; };
		C5F3FC0B23A9F87F00590780 /* DataStructure.swift */ = {isa = PBXFileReference; lastKnownFileType = sourcecode.swift; path = DataStructure.swift; sourceTree = "<group>"; };
/* End PBXFileReference section */

/* Begin PBXFrameworksBuildPhase section */
		C51F41DE23A7F1A700CE5AC7 /* Frameworks */ = {
			isa = PBXFrameworksBuildPhase;
			buildActionMask = 2147483647;
			files = (
			);
			runOnlyForDeploymentPostprocessing = 0;
		};
		C51F41F423A7F1A900CE5AC7 /* Frameworks */ = {
			isa = PBXFrameworksBuildPhase;
			buildActionMask = 2147483647;
			files = (
			);
			runOnlyForDeploymentPostprocessing = 0;
		};
/* End PBXFrameworksBuildPhase section */

/* Begin PBXGroup section */
		C51F41D823A7F1A700CE5AC7 = {
			isa = PBXGroup;
			children = (
				C51F41E323A7F1A700CE5AC7 /* NikeCodeTest */,
				C51F41FA23A7F1A900CE5AC7 /* NikeCodeTestTests */,
				C51F41E223A7F1A700CE5AC7 /* Products */,
			);
			sourceTree = "<group>";
		};
		C51F41E223A7F1A700CE5AC7 /* Products */ = {
			isa = PBXGroup;
			children = (
				C51F41E123A7F1A700CE5AC7 /* NikeCodeTest.app */,
				C51F41F723A7F1A900CE5AC7 /* NikeCodeTestTests.xctest */,
			);
			name = Products;
			sourceTree = "<group>";
		};
		C51F41E323A7F1A700CE5AC7 /* NikeCodeTest */ = {
			isa = PBXGroup;
			children = (
				C51F41F223A7F1A900CE5AC7 /* Info.plist */,
				C5F3FC0A23A9F86300590780 /* DataStructure */,
				C5F3FC0923A9F77F00590780 /* Controllers */,
				C5F3FC0823A9F76800590780 /* View */,
				C5F3FC0723A9F70B00590780 /* Supporting Files */,
			);
			path = NikeCodeTest;
			sourceTree = "<group>";
		};
		C51F41FA23A7F1A900CE5AC7 /* NikeCodeTestTests */ = {
			isa = PBXGroup;
			children = (
				C51F41FB23A7F1A900CE5AC7 /* NikeCodeTestTests.swift */,
				C54F2C3823B067B900CC1A45 /* test.json */,
				C51F41FD23A7F1A900CE5AC7 /* Info.plist */,
			);
			path = NikeCodeTestTests;
			sourceTree = "<group>";
		};
		C566896523B007000046789A /* Cell */ = {
			isa = PBXGroup;
			children = (
				C51F421823A83A2B00CE5AC7 /* CustomProductCell.swift */,
			);
			path = Cell;
			sourceTree = "<group>";
		};
		C5F3FC0723A9F70B00590780 /* Supporting Files */ = {
			isa = PBXGroup;
			children = (
				C51F41ED23A7F1A900CE5AC7 /* Assets.xcassets */,
				C51F41E423A7F1A700CE5AC7 /* AppDelegate.swift */,
				C51F41E623A7F1A700CE5AC7 /* SceneDelegate.swift */,
			);
			path = "Supporting Files";
			sourceTree = "<group>";
		};
		C5F3FC0823A9F76800590780 /* View */ = {
			isa = PBXGroup;
			children = (
				C566896523B007000046789A /* Cell */,
			);
			path = View;
			sourceTree = "<group>";
		};
		C5F3FC0923A9F77F00590780 /* Controllers */ = {
			isa = PBXGroup;
			children = (
				C51F41E823A7F1A700CE5AC7 /* ViewController.swift */,
				C51F421C23A85CB100CE5AC7 /* DetailViewController.swift */,
			);
			path = Controllers;
			sourceTree = "<group>";
		};
		C5F3FC0A23A9F86300590780 /* DataStructure */ = {
			isa = PBXGroup;
			children = (
				C5F3FC0B23A9F87F00590780 /* DataStructure.swift */,
			);
			path = DataStructure;
			sourceTree = "<group>";
		};
/* End PBXGroup section */

/* Begin PBXNativeTarget section */
		C51F41E023A7F1A700CE5AC7 /* NikeCodeTest */ = {
			isa = PBXNativeTarget;
			buildConfigurationList = C51F420B23A7F1A900CE5AC7 /* Build configuration list for PBXNativeTarget "NikeCodeTest" */;
			buildPhases = (
				C51F41DD23A7F1A700CE5AC7 /* Sources */,
				C51F41DE23A7F1A700CE5AC7 /* Frameworks */,
				C51F41DF23A7F1A700CE5AC7 /* Resources */,
			);
			buildRules = (
			);
			dependencies = (
			);
			name = NikeCodeTest;
			productName = NikeCodeTest;
			productReference = C51F41E123A7F1A700CE5AC7 /* NikeCodeTest.app */;
			productType = "com.apple.product-type.application";
		};
		C51F41F623A7F1A900CE5AC7 /* NikeCodeTestTests */ = {
			isa = PBXNativeTarget;
			buildConfigurationList = C51F420E23A7F1A900CE5AC7 /* Build configuration list for PBXNativeTarget "NikeCodeTestTests" */;
			buildPhases = (
				C51F41F323A7F1A900CE5AC7 /* Sources */,
				C51F41F423A7F1A900CE5AC7 /* Frameworks */,
				C51F41F523A7F1A900CE5AC7 /* Resources */,
			);
			buildRules = (
			);
			dependencies = (
				C51F41F923A7F1A900CE5AC7 /* PBXTargetDependency */,
			);
			name = NikeCodeTestTests;
			productName = NikeCodeTestTests;
			productReference = C51F41F723A7F1A900CE5AC7 /* NikeCodeTestTests.xctest */;
			productType = "com.apple.product-type.bundle.unit-test";
		};
/* End PBXNativeTarget section */

/* Begin PBXProject section */
		C51F41D923A7F1A700CE5AC7 /* Project object */ = {
			isa = PBXProject;
			attributes = {
				LastSwiftUpdateCheck = 1130;
				LastUpgradeCheck = 1130;
				ORGANIZATIONNAME = "Kirill Chumak";
				TargetAttributes = {
					C51F41E023A7F1A700CE5AC7 = {
						CreatedOnToolsVersion = 11.3;
					};
					C51F41F623A7F1A900CE5AC7 = {
						CreatedOnToolsVersion = 11.3;
						TestTargetID = C51F41E023A7F1A700CE5AC7;
					};
				};
			};
			buildConfigurationList = C51F41DC23A7F1A700CE5AC7 /* Build configuration list for PBXProject "NikeCodeTest" */;
			compatibilityVersion = "Xcode 9.3";
			developmentRegion = en;
			hasScannedForEncodings = 0;
			knownRegions = (
				en,
				Base,
			);
			mainGroup = C51F41D823A7F1A700CE5AC7;
			productRefGroup = C51F41E223A7F1A700CE5AC7 /* Products */;
			projectDirPath = "";
			projectRoot = "";
			targets = (
				C51F41E023A7F1A700CE5AC7 /* NikeCodeTest */,
				C51F41F623A7F1A900CE5AC7 /* NikeCodeTestTests */,
			);
		};
/* End PBXProject section */

/* Begin PBXResourcesBuildPhase section */
		C51F41DF23A7F1A700CE5AC7 /* Resources */ = {
			isa = PBXResourcesBuildPhase;
			buildActionMask = 2147483647;
			files = (
				C51F41EE23A7F1A900CE5AC7 /* Assets.xcassets in Resources */,
			);
			runOnlyForDeploymentPostprocessing = 0;
		};
		C51F41F523A7F1A900CE5AC7 /* Resources */ = {
			isa = PBXResourcesBuildPhase;
			buildActionMask = 2147483647;
			files = (
				C54F2C3923B067B900CC1A45 /* test.json in Resources */,
			);
			runOnlyForDeploymentPostprocessing = 0;
		};
/* End PBXResourcesBuildPhase section */

/* Begin PBXSourcesBuildPhase section */
		C51F41DD23A7F1A700CE5AC7 /* Sources */ = {
			isa = PBXSourcesBuildPhase;
			buildActionMask = 2147483647;
			files = (
				C51F421923A83A2B00CE5AC7 /* CustomProductCell.swift in Sources */,
				C51F41E923A7F1A700CE5AC7 /* ViewController.swift in Sources */,
				C5F3FC0C23A9F87F00590780 /* DataStructure.swift in Sources */,
				C51F41E523A7F1A700CE5AC7 /* AppDelegate.swift in Sources */,
				C51F41E723A7F1A700CE5AC7 /* SceneDelegate.swift in Sources */,
				C51F421D23A85CB100CE5AC7 /* DetailViewController.swift in Sources */,
			);
			runOnlyForDeploymentPostprocessing = 0;
		};
		C51F41F323A7F1A900CE5AC7 /* Sources */ = {
			isa = PBXSourcesBuildPhase;
			buildActionMask = 2147483647;
			files = (
				C51F41FC23A7F1A900CE5AC7 /* NikeCodeTestTests.swift in Sources */,
			);
			runOnlyForDeploymentPostprocessing = 0;
		};
/* End PBXSourcesBuildPhase section */

/* Begin PBXTargetDependency section */
		C51F41F923A7F1A900CE5AC7 /* PBXTargetDependency */ = {
			isa = PBXTargetDependency;
			target = C51F41E023A7F1A700CE5AC7 /* NikeCodeTest */;
			targetProxy = C51F41F823A7F1A900CE5AC7 /* PBXContainerItemProxy */;
		};
/* End PBXTargetDependency section */

/* Begin XCBuildConfiguration section */
		C51F420923A7F1A900CE5AC7 /* Debug */ = {
			isa = XCBuildConfiguration;
			buildSettings = {
				ALWAYS_SEARCH_USER_PATHS = NO;
				CLANG_ANALYZER_NONNULL = YES;
				CLANG_ANALYZER_NUMBER_OBJECT_CONVERSION = YES_AGGRESSIVE;
				CLANG_CXX_LANGUAGE_STANDARD = "gnu++14";
				CLANG_CXX_LIBRARY = "libc++";
				CLANG_ENABLE_MODULES = YES;
				CLANG_ENABLE_OBJC_ARC = YES;
				CLANG_ENABLE_OBJC_WEAK = YES;
				CLANG_WARN_BLOCK_CAPTURE_AUTORELEASING = YES;
				CLANG_WARN_BOOL_CONVERSION = YES;
				CLANG_WARN_COMMA = YES;
				CLANG_WARN_CONSTANT_CONVERSION = YES;
				CLANG_WARN_DEPRECATED_OBJC_IMPLEMENTATIONS = YES;
				CLANG_WARN_DIRECT_OBJC_ISA_USAGE = YES_ERROR;
				CLANG_WARN_DOCUMENTATION_COMMENTS = YES;
				CLANG_WARN_EMPTY_BODY = YES;
				CLANG_WARN_ENUM_CONVERSION = YES;
				CLANG_WARN_INFINITE_RECURSION = YES;
				CLANG_WARN_INT_CONVERSION = YES;
				CLANG_WARN_NON_LITERAL_NULL_CONVERSION = YES;
				CLANG_WARN_OBJC_IMPLICIT_RETAIN_SELF = YES;
				CLANG_WARN_OBJC_LITERAL_CONVERSION = YES;
				CLANG_WARN_OBJC_ROOT_CLASS = YES_ERROR;
				CLANG_WARN_RANGE_LOOP_ANALYSIS = YES;
				CLANG_WARN_STRICT_PROTOTYPES = YES;
				CLANG_WARN_SUSPICIOUS_MOVE = YES;
				CLANG_WARN_UNGUARDED_AVAILABILITY = YES_AGGRESSIVE;
				CLANG_WARN_UNREACHABLE_CODE = YES;
				CLANG_WARN__DUPLICATE_METHOD_MATCH = YES;
				COPY_PHASE_STRIP = NO;
				DEBUG_INFORMATION_FORMAT = dwarf;
				ENABLE_STRICT_OBJC_MSGSEND = YES;
				ENABLE_TESTABILITY = YES;
				GCC_C_LANGUAGE_STANDARD = gnu11;
				GCC_DYNAMIC_NO_PIC = NO;
				GCC_NO_COMMON_BLOCKS = YES;
				GCC_OPTIMIZATION_LEVEL = 0;
				GCC_PREPROCESSOR_DEFINITIONS = (
					"DEBUG=1",
					"$(inherited)",
				);
				GCC_WARN_64_TO_32_BIT_CONVERSION = YES;
				GCC_WARN_ABOUT_RETURN_TYPE = YES_ERROR;
				GCC_WARN_UNDECLARED_SELECTOR = YES;
				GCC_WARN_UNINITIALIZED_AUTOS = YES_AGGRESSIVE;
				GCC_WARN_UNUSED_FUNCTION = YES;
				GCC_WARN_UNUSED_VARIABLE = YES;
				IPHONEOS_DEPLOYMENT_TARGET = 13.2;
				MTL_ENABLE_DEBUG_INFO = INCLUDE_SOURCE;
				MTL_FAST_MATH = YES;
				ONLY_ACTIVE_ARCH = YES;
				SDKROOT = iphoneos;
				SWIFT_ACTIVE_COMPILATION_CONDITIONS = DEBUG;
				SWIFT_OPTIMIZATION_LEVEL = "-Onone";
			};
			name = Debug;
		};
		C51F420A23A7F1A900CE5AC7 /* Release */ = {
			isa = XCBuildConfiguration;
			buildSettings = {
				ALWAYS_SEARCH_USER_PATHS = NO;
				CLANG_ANALYZER_NONNULL = YES;
				CLANG_ANALYZER_NUMBER_OBJECT_CONVERSION = YES_AGGRESSIVE;
				CLANG_CXX_LANGUAGE_STANDARD = "gnu++14";
				CLANG_CXX_LIBRARY = "libc++";
				CLANG_ENABLE_MODULES = YES;
				CLANG_ENABLE_OBJC_ARC = YES;
				CLANG_ENABLE_OBJC_WEAK = YES;
				CLANG_WARN_BLOCK_CAPTURE_AUTORELEASING = YES;
				CLANG_WARN_BOOL_CONVERSION = YES;
				CLANG_WARN_COMMA = YES;
				CLANG_WARN_CONSTANT_CONVERSION = YES;
				CLANG_WARN_DEPRECATED_OBJC_IMPLEMENTATIONS = YES;
				CLANG_WARN_DIRECT_OBJC_ISA_USAGE = YES_ERROR;
				CLANG_WARN_DOCUMENTATION_COMMENTS = YES;
				CLANG_WARN_EMPTY_BODY = YES;
				CLANG_WARN_ENUM_CONVERSION = YES;
				CLANG_WARN_INFINITE_RECURSION = YES;
				CLANG_WARN_INT_CONVERSION = YES;
				CLANG_WARN_NON_LITERAL_NULL_CONVERSION = YES;
				CLANG_WARN_OBJC_IMPLICIT_RETAIN_SELF = YES;
				CLANG_WARN_OBJC_LITERAL_CONVERSION = YES;
				CLANG_WARN_OBJC_ROOT_CLASS = YES_ERROR;
				CLANG_WARN_RANGE_LOOP_ANALYSIS = YES;
				CLANG_WARN_STRICT_PROTOTYPES = YES;
				CLANG_WARN_SUSPICIOUS_MOVE = YES;
				CLANG_WARN_UNGUARDED_AVAILABILITY = YES_AGGRESSIVE;
				CLANG_WARN_UNREACHABLE_CODE = YES;
				CLANG_WARN__DUPLICATE_METHOD_MATCH = YES;
				COPY_PHASE_STRIP = NO;
				DEBUG_INFORMATION_FORMAT = "dwarf-with-dsym";
				ENABLE_NS_ASSERTIONS = NO;
				ENABLE_STRICT_OBJC_MSGSEND = YES;
				GCC_C_LANGUAGE_STANDARD = gnu11;
				GCC_NO_COMMON_BLOCKS = YES;
				GCC_WARN_64_TO_32_BIT_CONVERSION = YES;
				GCC_WARN_ABOUT_RETURN_TYPE = YES_ERROR;
				GCC_WARN_UNDECLARED_SELECTOR = YES;
				GCC_WARN_UNINITIALIZED_AUTOS = YES_AGGRESSIVE;
				GCC_WARN_UNUSED_FUNCTION = YES;
				GCC_WARN_UNUSED_VARIABLE = YES;
				IPHONEOS_DEPLOYMENT_TARGET = 13.2;
				MTL_ENABLE_DEBUG_INFO = NO;
				MTL_FAST_MATH = YES;
				SDKROOT = iphoneos;
				SWIFT_COMPILATION_MODE = wholemodule;
				SWIFT_OPTIMIZATION_LEVEL = "-O";
				VALIDATE_PRODUCT = YES;
			};
			name = Release;
		};
		C51F420C23A7F1A900CE5AC7 /* Debug */ = {
			isa = XCBuildConfiguration;
			buildSettings = {
				ASSETCATALOG_COMPILER_APPICON_NAME = AppIcon;
				CODE_SIGN_STYLE = Automatic;
				DEVELOPMENT_TEAM = TUB76G9GDH;
				INFOPLIST_FILE = NikeCodeTest/Info.plist;
				IPHONEOS_DEPLOYMENT_TARGET = 13.0;
				LD_RUNPATH_SEARCH_PATHS = (
					"$(inherited)",
					"@executable_path/Frameworks",
				);
				PRODUCT_BUNDLE_IDENTIFIER = kctest.NikeCodeTest;
				PRODUCT_NAME = "$(TARGET_NAME)";
				SWIFT_VERSION = 5.0;
				TARGETED_DEVICE_FAMILY = "1,2";
			};
			name = Debug;
		};
		C51F420D23A7F1A900CE5AC7 /* Release */ = {
			isa = XCBuildConfiguration;
			buildSettings = {
				ASSETCATALOG_COMPILER_APPICON_NAME = AppIcon;
				CODE_SIGN_STYLE = Automatic;
				DEVELOPMENT_TEAM = TUB76G9GDH;
				INFOPLIST_FILE = NikeCodeTest/Info.plist;
				IPHONEOS_DEPLOYMENT_TARGET = 13.0;
				LD_RUNPATH_SEARCH_PATHS = (
					"$(inherited)",
					"@executable_path/Frameworks",
				);
				PRODUCT_BUNDLE_IDENTIFIER = kctest.NikeCodeTest;
				PRODUCT_NAME = "$(TARGET_NAME)";
				SWIFT_VERSION = 5.0;
				TARGETED_DEVICE_FAMILY = "1,2";
			};
			name = Release;
		};
		C51F420F23A7F1A900CE5AC7 /* Debug */ = {
			isa = XCBuildConfiguration;
			buildSettings = {
				ALWAYS_EMBED_SWIFT_STANDARD_LIBRARIES = YES;
				BUNDLE_LOADER = "$(TEST_HOST)";
				CODE_SIGN_STYLE = Automatic;
				INFOPLIST_FILE = NikeCodeTestTests/Info.plist;
				IPHONEOS_DEPLOYMENT_TARGET = 13.2;
				LD_RUNPATH_SEARCH_PATHS = (
					"$(inherited)",
					"@executable_path/Frameworks",
					"@loader_path/Frameworks",
				);
				PRODUCT_BUNDLE_IDENTIFIER = kctest.NikeCodeTestTests;
				PRODUCT_NAME = "$(TARGET_NAME)";
				SWIFT_VERSION = 5.0;
				TARGETED_DEVICE_FAMILY = "1,2";
				TEST_HOST = "$(BUILT_PRODUCTS_DIR)/NikeCodeTest.app/NikeCodeTest";
			};
			name = Debug;
		};
		C51F421023A7F1A900CE5AC7 /* Release */ = {
			isa = XCBuildConfiguration;
			buildSettings = {
				ALWAYS_EMBED_SWIFT_STANDARD_LIBRARIES = YES;
				BUNDLE_LOADER = "$(TEST_HOST)";
				CODE_SIGN_STYLE = Automatic;
				INFOPLIST_FILE = NikeCodeTestTests/Info.plist;
				IPHONEOS_DEPLOYMENT_TARGET = 13.2;
				LD_RUNPATH_SEARCH_PATHS = (
					"$(inherited)",
					"@executable_path/Frameworks",
					"@loader_path/Frameworks",
				);
				PRODUCT_BUNDLE_IDENTIFIER = kctest.NikeCodeTestTests;
				PRODUCT_NAME = "$(TARGET_NAME)";
				SWIFT_VERSION = 5.0;
				TARGETED_DEVICE_FAMILY = "1,2";
				TEST_HOST = "$(BUILT_PRODUCTS_DIR)/NikeCodeTest.app/NikeCodeTest";
			};
			name = Release;
		};
/* End XCBuildConfiguration section */

/* Begin XCConfigurationList section */
		C51F41DC23A7F1A700CE5AC7 /* Build configuration list for PBXProject "NikeCodeTest" */ = {
			isa = XCConfigurationList;
			buildConfigurations = (
				C51F420923A7F1A900CE5AC7 /* Debug */,
				C51F420A23A7F1A900CE5AC7 /* Release */,
			);
			defaultConfigurationIsVisible = 0;
			defaultConfigurationName = Release;
		};
		C51F420B23A7F1A900CE5AC7 /* Build configuration list for PBXNativeTarget "NikeCodeTest" */ = {
			isa = XCConfigurationList;
			buildConfigurations = (
				C51F420C23A7F1A900CE5AC7 /* Debug */,
				C51F420D23A7F1A900CE5AC7 /* Release */,
			);
			defaultConfigurationIsVisible = 0;
			defaultConfigurationName = Release;
		};
		C51F420E23A7F1A900CE5AC7 /* Build configuration list for PBXNativeTarget "NikeCodeTestTests" */ = {
			isa = XCConfigurationList;
			buildConfigurations = (
				C51F420F23A7F1A900CE5AC7 /* Debug */,
				C51F421023A7F1A900CE5AC7 /* Release */,
			);
			defaultConfigurationIsVisible = 0;
			defaultConfigurationName = Release;
		};
/* End XCConfigurationList section */
	};
	rootObject = C51F41D923A7F1A700CE5AC7 /* Project object */;
}
